{
  "name": "dmx2homekit",
  "version": "1.0.0",
  "lockfileVersion": 1,
  "requires": true,
  "dependencies": {
    "bindings": {
      "version": "1.2.1",
      "resolved": "https://registry.npmjs.org/bindings/-/bindings-1.2.1.tgz",
      "integrity": "sha1-FK1hE4EtLTfXLme0ystLtyZQXxE="
    },
    "buffer-shims": {
      "version": "1.0.0",
      "resolved": "https://registry.npmjs.org/buffer-shims/-/buffer-shims-1.0.0.tgz",
      "integrity": "sha1-mXjOMXOIxkmth5MCjDR37wRKi1E=",
      "optional": true
    },
    "curve25519-n": {
      "version": "1.1.0",
      "resolved": "https://registry.npmjs.org/curve25519-n/-/curve25519-n-1.1.0.tgz",
      "integrity": "sha1-H21nshIyEk8Bh+i0z3OxO35aVCs=",
      "optional": true,
      "requires": {
        "bindings": "1.2.1",
        "nan": "2.7.0"
      }
    },
    "debug": {
      "version": "2.6.9",
      "resolved": "https://registry.npmjs.org/debug/-/debug-2.6.9.tgz",
      "integrity": "sha512-bC7ElrdJaJnPbAP+1EotYvqZsb3ecl5wi6Bfi6BJTUcNowp6cvspg0jXznRTKDjm/E7AdgFBVeAPVMNcKGsHMA==",
      "optional": true,
      "requires": {
        "ms": "2.0.0"
      }
    },
    "ed25519": {
      "version": "0.0.4",
      "resolved": "https://registry.npmjs.org/ed25519/-/ed25519-0.0.4.tgz",
      "integrity": "sha1-5WIYrOL8kD0llZOu8LKpY59HW+s=",
      "optional": true,
      "requires": {
        "bindings": "1.2.1",
        "nan": "2.7.0"
      }
    },
    "fast-srp-hap": {
      "version": "1.0.1",
      "resolved": "https://registry.npmjs.org/fast-srp-hap/-/fast-srp-hap-1.0.1.tgz",
      "integrity": "sha1-N3Ek0Za8alFXquWze/X6NbtK0tk=",
      "optional": true
    },
    "ftdi": {
      "version": "1.2.1",
      "resolved": "https://registry.npmjs.org/ftdi/-/ftdi-1.2.1.tgz",
      "integrity": "sha1-WLKEANbseOu7emGaN4jd/aHEapg=",
      "optional": true,
      "requires": {
        "bindings": "1.2.1",
        "nan": "2.7.0"
      }
    },
    "homekit": {
      "version": "0.0.3",
      "resolved": "https://registry.npmjs.org/homekit/-/homekit-0.0.3.tgz",
      "integrity": "sha512-MRdTPaVrvwjKNBuhC/m/u3abgtK6jMfes8/qRibaiAo4/jwdbT018khLcbpNuo0UWxYQfFcXCfrjVFrCFUgYIg==",
      "optional": true,
      "requires": {
        "buffer-shims": "1.0.0",
        "curve25519-n": "1.1.0",
        "debug": "2.6.9",
        "ed25519": "0.0.4",
        "fast-srp-hap": "1.0.1",
        "ip": "1.1.5",
        "mdns": "2.3.3"
      }
    },
    "ip": {
      "version": "1.1.5",
      "resolved": "https://registry.npmjs.org/ip/-/ip-1.1.5.tgz",
      "integrity": "sha1-vd7XARQpCCjAoDnnLvJfWq7ENUo=",
      "optional": true
    },
    "mdns": {
      "version": "2.3.3",
      "resolved": "https://registry.npmjs.org/mdns/-/mdns-2.3.3.tgz",
      "integrity": "sha1-u8atVAeiMBM9YuDaaS8p8L1Jco4=",
      "optional": true,
      "requires": {
        "bindings": "1.2.1",
        "nan": "2.3.5"
      },
      "dependencies": {
        "nan": {
          "version": "2.3.5",
          "resolved": "https://registry.npmjs.org/nan/-/nan-2.3.5.tgz",
          "integrity": "sha1-gioNwmYpDOTNOhIoLKPn42Rmigg=",
          "optional": true
        }
      }
    },
    "ms": {
      "version": "2.0.0",
      "resolved": "https://registry.npmjs.org/ms/-/ms-2.0.0.tgz",
      "integrity": "sha1-VgiurfwAvmwpAd9fmGF4jeDVl8g=",
      "optional": true
    },
    "nan": {
      "version": "2.7.0",
      "resolved": "https://registry.npmjs.org/nan/-/nan-2.7.0.tgz",
      "integrity": "sha1-2Vv3IeyHfgjbJ27T/G63j5CDrUY="
    }
  }
}
